PODS:
  - FMDB (2.6.2):
    - FMDB/standard (= 2.6.2)
  - FMDB/standard (2.6.2)
  - Reachability (3.2)
  - SnowplowTracker (1.0.4):
    - FMDB (= 2.6.2)
    - Reachability

DEPENDENCIES:
  - SnowplowTracker (from `../`)

SPEC REPOS:
  https://github.com/cocoapods/specs.git:
    - FMDB
    - Reachability

EXTERNAL SOURCES:
  SnowplowTracker:
    :path: "../"

SPEC CHECKSUMS:
  FMDB: 854a0341b4726e53276f2a8996f06f1b80f9259a
  Reachability: 33e18b67625424e47b6cde6d202dce689ad7af96
  SnowplowTracker: ace4211a12e595484aa3358affed39898c8743d0

PODFILE CHECKSUM: c29427c03addcb83e6b6d1f5695a4721d669dae3

COCOAPODS: 1.6.1
